
Microsoft Visual Studio Solution File, Format Version 12.00
# Visual Studio Version 17
VisualStudioVersion = 17.2.32427.441
MinimumVisualStudioVersion = 10.0.40219.1
Project("{9A19103F-16F7-4668-BE54-9A1E7A4F7556}") = "TAIProject", "TAIProject\TAIProject.csproj", "{37A6929C-9052-45FC-9677-4A29410D1FB8}"
EndProject
Global
	GlobalSection(SolutionConfigurationPlatforms) = preSolution
		Debug|Any CPU = Debug|Any CPU
		Release|Any CPU = Release|Any CPU
	EndGlobalSection
	GlobalSection(ProjectConfigurationPlatforms) = postSolution
		{37A6929C-9052-45FC-9677-4A29410D1FB8}.Debug|Any CPU.ActiveCfg = Debug|Any CPU
		{37A6929C-9052-45FC-9677-4A29410D1FB8}.Debug|Any CPU.Build.0 = Debug|Any CPU
		{37A6929C-9052-45FC-9677-4A29410D1FB8}.Release|Any CPU.ActiveCfg = Release|Any CPU
		{37A6929C-9052-45FC-9677-4A29410D1FB8}.Release|Any CPU.Build.0 = Release|Any CPU
	EndGlobalSection
	GlobalSection(SolutionProperties) = preSolution
		HideSolutionNode = FALSE
	EndGlobalSection
	GlobalSection(ExtensibilityGlobals) = postSolution
		SolutionGuid = {E0D926C2-807C-4AB0-A86C-5C609BE84735}
	EndGlobalSection
EndGlobal
